
Microsoft Visual Studio Solution File, Format Version 12.00
# Visual Studio Version 17
VisualStudioVersion = 17.6.33723.286
MinimumVisualStudioVersion = 10.0.40219.1
Project("{9A19103F-16F7-4668-BE54-9A1E7A4F7556}") = "TaxCalculatorAPI", "TaxCalculatorAPI\TaxCalculatorAPI.csproj", "{80B94573-73AD-4FEB-AED6-DDD281B95FBB}"
EndProject
Project("{9A19103F-16F7-4668-BE54-9A1E7A4F7556}") = "TaxCalculatorBlazor", "TaxCalculatorBlazor\TaxCalculatorBlazor.csproj", "{F109770F-245D-46BA-AA13-05CD99364C92}"
EndProject
Project("{9A19103F-16F7-4668-BE54-9A1E7A4F7556}") = "TaxCalculatorLibary", "TaxCalculatorLibary\TaxCalculatorLibary.csproj", "{21C34FA7-B553-42FA-9E0D-57AA0EEA8BE3}"
EndProject
Project("{9A19103F-16F7-4668-BE54-9A1E7A4F7556}") = "WebCrawlerForTestData", "WebCrawlerForTestData\WebCrawlerForTestData.csproj", "{8D69FCD5-1277-4100-B3FB-E3A159F1DA5F}"
EndProject
Project("{FAE04EC0-301F-11D3-BF4B-00C04F79EFBC}") = "TestTaxCalculatorAPI", "TestTaxCalculatorAPI\TestTaxCalculatorAPI.csproj", "{A880885D-5C5B-4022-B21D-052FD2C614BC}"
EndProject
Global
	GlobalSection(SolutionConfigurationPlatforms) = preSolution
		Debug|Any CPU = Debug|Any CPU
		Release|Any CPU = Release|Any CPU
	EndGlobalSection
	GlobalSection(ProjectConfigurationPlatforms) = postSolution
		{80B94573-73AD-4FEB-AED6-DDD281B95FBB}.Debug|Any CPU.ActiveCfg = Debug|Any CPU
		{80B94573-73AD-4FEB-AED6-DDD281B95FBB}.Debug|Any CPU.Build.0 = Debug|Any CPU
		{80B94573-73AD-4FEB-AED6-DDD281B95FBB}.Release|Any CPU.ActiveCfg = Release|Any CPU
		{80B94573-73AD-4FEB-AED6-DDD281B95FBB}.Release|Any CPU.Build.0 = Release|Any CPU
		{F109770F-245D-46BA-AA13-05CD99364C92}.Debug|Any CPU.ActiveCfg = Debug|Any CPU
		{F109770F-245D-46BA-AA13-05CD99364C92}.Debug|Any CPU.Build.0 = Debug|Any CPU
		{F109770F-245D-46BA-AA13-05CD99364C92}.Release|Any CPU.ActiveCfg = Release|Any CPU
		{F109770F-245D-46BA-AA13-05CD99364C92}.Release|Any CPU.Build.0 = Release|Any CPU
		{21C34FA7-B553-42FA-9E0D-57AA0EEA8BE3}.Debug|Any CPU.ActiveCfg = Debug|Any CPU
		{21C34FA7-B553-42FA-9E0D-57AA0EEA8BE3}.Debug|Any CPU.Build.0 = Debug|Any CPU
		{21C34FA7-B553-42FA-9E0D-57AA0EEA8BE3}.Release|Any CPU.ActiveCfg = Release|Any CPU
		{21C34FA7-B553-42FA-9E0D-57AA0EEA8BE3}.Release|Any CPU.Build.0 = Release|Any CPU
		{8D69FCD5-1277-4100-B3FB-E3A159F1DA5F}.Debug|Any CPU.ActiveCfg = Debug|Any CPU
		{8D69FCD5-1277-4100-B3FB-E3A159F1DA5F}.Debug|Any CPU.Build.0 = Debug|Any CPU
		{8D69FCD5-1277-4100-B3FB-E3A159F1DA5F}.Release|Any CPU.ActiveCfg = Release|Any CPU
		{8D69FCD5-1277-4100-B3FB-E3A159F1DA5F}.Release|Any CPU.Build.0 = Release|Any CPU
		{A880885D-5C5B-4022-B21D-052FD2C614BC}.Debug|Any CPU.ActiveCfg = Debug|Any CPU
		{A880885D-5C5B-4022-B21D-052FD2C614BC}.Debug|Any CPU.Build.0 = Debug|Any CPU
		{A880885D-5C5B-4022-B21D-052FD2C614BC}.Release|Any CPU.ActiveCfg = Release|Any CPU
		{A880885D-5C5B-4022-B21D-052FD2C614BC}.Release|Any CPU.Build.0 = Release|Any CPU
	EndGlobalSection
	GlobalSection(SolutionProperties) = preSolution
		HideSolutionNode = FALSE
	EndGlobalSection
	GlobalSection(ExtensibilityGlobals) = postSolution
		SolutionGuid = {C5266644-FF34-498A-8161-C2D3C2B70876}
	EndGlobalSection
EndGlobal
